
Microsoft Visual Studio Solution File, Format Version 12.00
# Visual Studio Version 17
VisualStudioVersion = 17.1.32328.378
MinimumVisualStudioVersion = 10.0.40219.1
Project("{FAE04EC0-301F-11D3-BF4B-00C04F79EFBC}") = "ClassLabNu", "ClassLabNu\ClassLabNu.csproj", "{EF9C64A3-E276-42D3-BE55-7D1EAC365EF5}"
EndProject
Global
	GlobalSection(SolutionConfigurationPlatforms) = preSolution
		Debug|Any CPU = Debug|Any CPU
		Release|Any CPU = Release|Any CPU
	EndGlobalSection
	GlobalSection(ProjectConfigurationPlatforms) = postSolution
		{EF9C64A3-E276-42D3-BE55-7D1EAC365EF5}.Debug|Any CPU.ActiveCfg = Debug|Any CPU
		{EF9C64A3-E276-42D3-BE55-7D1EAC365EF5}.Debug|Any CPU.Build.0 = Debug|Any CPU
		{EF9C64A3-E276-42D3-BE55-7D1EAC365EF5}.Release|Any CPU.ActiveCfg = Release|Any CPU
		{EF9C64A3-E276-42D3-BE55-7D1EAC365EF5}.Release|Any CPU.Build.0 = Release|Any CPU
	EndGlobalSection
	GlobalSection(SolutionProperties) = preSolution
		HideSolutionNode = FALSE
	EndGlobalSection
	GlobalSection(ExtensibilityGlobals) = postSolution
		SolutionGuid = {09023FBB-2464-431B-A6AB-DC2B0D15CFF8}
	EndGlobalSection
EndGlobal
